
Microsoft Visual Studio Solution File, Format Version 12.00
# Visual Studio Version 17
VisualStudioVersion = 17.1.32210.238
MinimumVisualStudioVersion = 10.0.40219.1
Project("{FAE04EC0-301F-11D3-BF4B-00C04F79EFBC}") = "day14-1", "day14-1.csproj", "{5E142CD1-F504-4E77-9995-63FC8A9295B5}"
EndProject
Global
	GlobalSection(SolutionConfigurationPlatforms) = preSolution
		Debug|Any CPU = Debug|Any CPU
		Release|Any CPU = Release|Any CPU
	EndGlobalSection
	GlobalSection(ProjectConfigurationPlatforms) = postSolution
		{5E142CD1-F504-4E77-9995-63FC8A9295B5}.Debug|Any CPU.ActiveCfg = Debug|Any CPU
		{5E142CD1-F504-4E77-9995-63FC8A9295B5}.Debug|Any CPU.Build.0 = Debug|Any CPU
		{5E142CD1-F504-4E77-9995-63FC8A9295B5}.Release|Any CPU.ActiveCfg = Release|Any CPU
		{5E142CD1-F504-4E77-9995-63FC8A9295B5}.Release|Any CPU.Build.0 = Release|Any CPU
	EndGlobalSection
	GlobalSection(SolutionProperties) = preSolution
		HideSolutionNode = FALSE
	EndGlobalSection
	GlobalSection(ExtensibilityGlobals) = postSolution
		SolutionGuid = {A2F9FD41-7E61-4903-95CD-E9E9EB2CCEA2}
	EndGlobalSection
EndGlobal
